%{
  "styler": {:hex, :styler, "1.0.0", "87daf4a8e421d7678da78f9532a632974de6b8060b80d7827abec3bca5140173", [:mix], [], "hexpm", "4ba5bc40c5eaebe2bb05ec0bb7b5a889d38c6ea6865c584dffd360b3a94ec625"},
  "wx_ex": {:git, "https://github.com/kerryb/wx_ex.git", "604016feca8a935986dccf850760cf944e2026f6", []},
}
